# THIS IS AN AUTOGENERATED FILE. DO NOT EDIT THIS FILE DIRECTLY.
# yarn lockfile v1


bs-platform@^8.0.0:
  version "8.0.0"
  resolved "https://registry.yarnpkg.com/bs-platform/-/bs-platform-8.0.0.tgz#022c56e0a5fc87bdf028bb4c6033c9d2ae1803f6"
  integrity sha512-lwysi+2SVFf84gzoG5GPGKNXZIjvygOY9NHXFeTMHVB+Zbk3wn5iLEN0XHMMnHV6QQtPtv2+Zq7SV7sKswNEwA==
