# THIS IS AN AUTOGENERATED FILE. DO NOT EDIT THIS FILE DIRECTLY.
# yarn lockfile v1


bs-platform@^5.0.4:
  version "5.0.4"
  resolved "https://registry.yarnpkg.com/bs-platform/-/bs-platform-5.0.4.tgz#d406ef43c12d1b19d8546884d8b5b4e0fb709372"
  integrity sha512-rXM+ztN8wYXQ4ojfFGylvPOf8GRLOvM94QJsMMV9VpsLChKCjesWMNybTZvpoyNsESu2nC5q+C9soG+BPhuUFQ==
